<?xml version="1.0" encoding="utf-8"?>
<Project ToolsVersion="4.0" xmlns="http://schemas.microsoft.com/developer/msbuild/2003">
  <ItemGroup>
    <Filter Include="ForByte">
      <UniqueIdentifier>{80044E1B-ECE3-CCB6-F5FB-578D615A3318}</UniqueIdentifier>
    </Filter>
    <Filter Include="ForByte\Events">
      <UniqueIdentifier>{64A0418B-506E-3591-3902-A6B7256F11F6}</UniqueIdentifier>
    </Filter>
    <Filter Include="ForByte\ImGui">
      <UniqueIdentifier>{AAD9E7B6-169A-63ED-DFD4-AC6A4B54A8C9}</UniqueIdentifier>
    </Filter>
    <Filter Include="Platform">
      <UniqueIdentifier>{2AC788B4-1694-E3BF-3FAD-D1672BD9184E}</UniqueIdentifier>
    </Filter>
    <Filter Include="Platform\OpenGL">
      <UniqueIdentifier>{1E7D2C1D-8A08-9AE1-9319-1DD6FF23F6E1}</UniqueIdentifier>
    </Filter>
    <Filter Include="Platform\Windows">
      <UniqueIdentifier>{64FBD71A-50F4-F66C-7926-DCF1657ED678}</UniqueIdentifier>
    </Filter>
  </ItemGroup>
  <ItemGroup>
    <ClInclude Include="src\ForByte.h" />
    <ClInclude Include="src\ForByte\Application.h">
      <Filter>ForByte</Filter>
    </ClInclude>
    <ClInclude Include="src\ForByte\Core.h">
      <Filter>ForByte</Filter>
    </ClInclude>
    <ClInclude Include="src\ForByte\EntryPoint.h">
      <Filter>ForByte</Filter>
    </ClInclude>
    <ClInclude Include="src\ForByte\Events\ApplicationEvent.h">
      <Filter>ForByte\Events</Filter>
    </ClInclude>
    <ClInclude Include="src\ForByte\Events\Event.h">
      <Filter>ForByte\Events</Filter>
    </ClInclude>
    <ClInclude Include="src\ForByte\Events\KeyEvent.h">
      <Filter>ForByte\Events</Filter>
    </ClInclude>
    <ClInclude Include="src\ForByte\Events\MouseEvent.h">
      <Filter>ForByte\Events</Filter>
    </ClInclude>
    <ClInclude Include="src\ForByte\ImGui\ImGuiLayer.h">
      <Filter>ForByte\ImGui</Filter>
    </ClInclude>
    <ClInclude Include="src\ForByte\Layer.h">
      <Filter>ForByte</Filter>
    </ClInclude>
    <ClInclude Include="src\ForByte\LayerStack.h">
      <Filter>ForByte</Filter>
    </ClInclude>
    <ClInclude Include="src\ForByte\Log.h">
      <Filter>ForByte</Filter>
    </ClInclude>
    <ClInclude Include="src\ForByte\Window.h">
      <Filter>ForByte</Filter>
    </ClInclude>
    <ClInclude Include="src\Platform\OpenGL\ImGuiOpenGLRenderer.h">
      <Filter>Platform\OpenGL</Filter>
    </ClInclude>
    <ClInclude Include="src\Platform\OpenGL\imgui_impl_opengl3_loader.h">
      <Filter>Platform\OpenGL</Filter>
    </ClInclude>
    <ClInclude Include="src\Platform\Windows\WindowsWindow.h">
      <Filter>Platform\Windows</Filter>
    </ClInclude>
    <ClInclude Include="src\fbpch.h" />
    <ClInclude Include="src\ForByte\Input.h" />
    <ClInclude Include="src\Platform\Windows\WindowsInput.h" />
  </ItemGroup>
  <ItemGroup>
    <ClCompile Include="src\ForByte\Application.cpp">
      <Filter>ForByte</Filter>
    </ClCompile>
    <ClCompile Include="src\ForByte\ImGui\ImGuiLayer.cpp">
      <Filter>ForByte\ImGui</Filter>
    </ClCompile>
    <ClCompile Include="src\ForByte\Layer.cpp">
      <Filter>ForByte</Filter>
    </ClCompile>
    <ClCompile Include="src\ForByte\LayerStack.cpp">
      <Filter>ForByte</Filter>
    </ClCompile>
    <ClCompile Include="src\ForByte\Log.cpp">
      <Filter>ForByte</Filter>
    </ClCompile>
    <ClCompile Include="src\Platform\OpenGL\ImGuiOpenGLRenderer.cpp">
      <Filter>Platform\OpenGL</Filter>
    </ClCompile>
    <ClCompile Include="src\Platform\Windows\WindowsWindow.cpp">
      <Filter>Platform\Windows</Filter>
    </ClCompile>
    <ClCompile Include="src\fbpch.cpp" />
    <ClCompile Include="src\Platform\Windows\WindowsInput.cpp" />
  </ItemGroup>
</Project>